<Solution>
  <Project Path="TempooHub.Api/TempooHub.Api.csproj" />
  <Project Path="TempooHub.AppHost/TempooHub.AppHost.csproj" />
  <Project Path="TempooHub.AuthServer/TempooHub.AuthServer.csproj" />
  <Project Path="TempooHub.Proxy/TempooHub.Proxy.csproj" />
  <Project Path="TempooHub.ServiceDefaults/TempooHub.ServiceDefaults.csproj" />
</Solution>
